
Microsoft Visual Studio Solution File, Format Version 12.00
# Visual Studio Version 17
VisualStudioVersion = 17.8.34511.84
MinimumVisualStudioVersion = 10.0.40219.1
Project("{FAE04EC0-301F-11D3-BF4B-00C04F79EFBC}") = "ShoeStore", "ShoeStore\ShoeStore.csproj", "{6A0805C7-112D-4643-95F2-6BBF63ADE365}"
EndProject
Global
	GlobalSection(SolutionConfigurationPlatforms) = preSolution
		Debug|Any CPU = Debug|Any CPU
		Release|Any CPU = Release|Any CPU
	EndGlobalSection
	GlobalSection(ProjectConfigurationPlatforms) = postSolution
		{6A0805C7-112D-4643-95F2-6BBF63ADE365}.Debug|Any CPU.ActiveCfg = Debug|Any CPU
		{6A0805C7-112D-4643-95F2-6BBF63ADE365}.Debug|Any CPU.Build.0 = Debug|Any CPU
		{6A0805C7-112D-4643-95F2-6BBF63ADE365}.Release|Any CPU.ActiveCfg = Release|Any CPU
		{6A0805C7-112D-4643-95F2-6BBF63ADE365}.Release|Any CPU.Build.0 = Release|Any CPU
	EndGlobalSection
	GlobalSection(SolutionProperties) = preSolution
		HideSolutionNode = FALSE
	EndGlobalSection
	GlobalSection(ExtensibilityGlobals) = postSolution
		SolutionGuid = {2C2B7FE1-D382-445F-893B-4DEB330179C2}
	EndGlobalSection
EndGlobal
